// !$*UTF8*$!
{
	archiveVersion = 1;
	classes = {
	};
	objectVersion = 46;
	objects = {

/* Begin PBXBuildFile section */
		545746D51DBE6EF80008D049 /* AppDelegate.swift in Sources */ = {isa = PBXBuildFile; fileRef = 545746D41DBE6EF80008D049 /* AppDelegate.swift */; };
		545746D71DBE6EF80008D049 /* ViewController.swift in Sources */ = {isa = PBXBuildFile; fileRef = 545746D61DBE6EF80008D049 /* ViewController.swift */; };
		545746DA1DBE6EF80008D049 /* Main.storyboard in Resources */ = {isa = PBXBuildFile; fileRef = 545746D81DBE6EF80008D049 /* Main.storyboard */; };
		545746DC1DBE6EF80008D049 /* Assets.xcassets in Resources */ = {isa = PBXBuildFile; fileRef = 545746DB1DBE6EF80008D049 /* Assets.xcassets */; };
		545746DF1DBE6EF80008D049 /* LaunchScreen.storyboard in Resources */ = {isa = PBXBuildFile; fileRef = 545746DD1DBE6EF80008D049 /* LaunchScreen.storyboard */; };
		545746F51DBE6F0D0008D049 /* LinkedList.swift in Sources */ = {isa = PBXBuildFile; fileRef = 545746F41DBE6F0D0008D049 /* LinkedList.swift */; };
		545746F81DBE6F670008D049 /* LinkedListTesting.swift in Sources */ = {isa = PBXBuildFile; fileRef = 545746F71DBE6F670008D049 /* LinkedListTesting.swift */; };
/* End PBXBuildFile section */

/* Begin PBXContainerItemProxy section */
		545746E61DBE6EF80008D049 /* PBXContainerItemProxy */ = {
			isa = PBXContainerItemProxy;
			containerPortal = 545746C91DBE6EF80008D049 /* Project object */;
			proxyType = 1;
			remoteGlobalIDString = 545746D01DBE6EF80008D049;
			remoteInfo = LinkedListsHomework;
		};
/* End PBXContainerItemProxy section */

/* Begin PBXFileReference section */
		545746D11DBE6EF80008D049 /* LinkedListsHomework.app */ = {isa = PBXFileReference; explicitFileType = wrapper.application; includeInIndex = 0; path = LinkedListsHomework.app; sourceTree = BUILT_PRODUCTS_DIR; };
		545746D41DBE6EF80008D049 /* AppDelegate.swift */ = {isa = PBXFileReference; lastKnownFileType = sourcecode.swift; path = AppDelegate.swift; sourceTree = "<group>"; };
		545746D61DBE6EF80008D049 /* ViewController.swift */ = {isa = PBXFileReference; lastKnownFileType = sourcecode.swift; path = ViewController.swift; sourceTree = "<group>"; };
		545746D91DBE6EF80008D049 /* Base */ = {isa = PBXFileReference; lastKnownFileType = file.storyboard; name = Base; path = Base.lproj/Main.storyboard; sourceTree = "<group>"; };
		545746DB1DBE6EF80008D049 /* Assets.xcassets */ = {isa = PBXFileReference; lastKnownFileType = folder.assetcatalog; path = Assets.xcassets; sourceTree = "<group>"; };
		545746DE1DBE6EF80008D049 /* Base */ = {isa = PBXFileReference; lastKnownFileType = file.storyboard; name = Base; path = Base.lproj/LaunchScreen.storyboard; sourceTree = "<group>"; };
		545746E01DBE6EF80008D049 /* Info.plist */ = {isa = PBXFileReference; lastKnownFileType = text.plist.xml; path = Info.plist; sourceTree = "<group>"; };
		545746E51DBE6EF80008D049 /* LinkedListsHomeworkTests.xctest */ = {isa = PBXFileReference; explicitFileType = wrapper.cfbundle; includeInIndex = 0; path = LinkedListsHomeworkTests.xctest; sourceTree = BUILT_PRODUCTS_DIR; };
		545746EB1DBE6EF80008D049 /* Info.plist */ = {isa = PBXFileReference; lastKnownFileType = text.plist.xml; path = Info.plist; sourceTree = "<group>"; };
		545746F41DBE6F0D0008D049 /* LinkedList.swift */ = {isa = PBXFileReference; fileEncoding = 4; lastKnownFileType = sourcecode.swift; path = LinkedList.swift; sourceTree = "<group>"; };
		545746F71DBE6F670008D049 /* LinkedListTesting.swift */ = {isa = PBXFileReference; fileEncoding = 4; lastKnownFileType = sourcecode.swift; path = LinkedListTesting.swift; sourceTree = "<group>"; };
/* End PBXFileReference section */

/* Begin PBXFrameworksBuildPhase section */
		545746CE1DBE6EF80008D049 /* Frameworks */ = {
			isa = PBXFrameworksBuildPhase;
			buildActionMask = 2147483647;
			files = (
			);
			runOnlyForDeploymentPostprocessing = 0;
		};
		545746E21DBE6EF80008D049 /* Frameworks */ = {
			isa = PBXFrameworksBuildPhase;
			buildActionMask = 2147483647;
			files = (
			);
			runOnlyForDeploymentPostprocessing = 0;
		};
/* End PBXFrameworksBuildPhase section */

/* Begin PBXGroup section */
		545746C81DBE6EF80008D049 = {
			isa = PBXGroup;
			children = (
				545746F41DBE6F0D0008D049 /* LinkedList.swift */,
				545746D31DBE6EF80008D049 /* LinkedListsHomework */,
				545746E81DBE6EF80008D049 /* LinkedListsHomeworkTests */,
				545746D21DBE6EF80008D049 /* Products */,
			);
			sourceTree = "<group>";
		};
		545746D21DBE6EF80008D049 /* Products */ = {
			isa = PBXGroup;
			children = (
				545746D11DBE6EF80008D049 /* LinkedListsHomework.app */,
				545746E51DBE6EF80008D049 /* LinkedListsHomeworkTests.xctest */,
			);
			name = Products;
			sourceTree = "<group>";
		};
		545746D31DBE6EF80008D049 /* LinkedListsHomework */ = {
			isa = PBXGroup;
			children = (
				545746F61DBE6F120008D049 /* iOS Stuff */,
			);
			path = LinkedListsHomework;
			sourceTree = "<group>";
		};
		545746E81DBE6EF80008D049 /* LinkedListsHomeworkTests */ = {
			isa = PBXGroup;
			children = (
				545746EB1DBE6EF80008D049 /* Info.plist */,
				545746F71DBE6F670008D049 /* LinkedListTesting.swift */,
			);
			path = LinkedListsHomeworkTests;
			sourceTree = "<group>";
		};
		545746F61DBE6F120008D049 /* iOS Stuff */ = {
			isa = PBXGroup;
			children = (
				545746D41DBE6EF80008D049 /* AppDelegate.swift */,
				545746D61DBE6EF80008D049 /* ViewController.swift */,
				545746D81DBE6EF80008D049 /* Main.storyboard */,
				545746DB1DBE6EF80008D049 /* Assets.xcassets */,
				545746DD1DBE6EF80008D049 /* LaunchScreen.storyboard */,
				545746E01DBE6EF80008D049 /* Info.plist */,
			);
			name = "iOS Stuff";
			sourceTree = "<group>";
		};
/* End PBXGroup section */

/* Begin PBXNativeTarget section */
		545746D01DBE6EF80008D049 /* LinkedListsHomework */ = {
			isa = PBXNativeTarget;
			buildConfigurationList = 545746EE1DBE6EF80008D049 /* Build configuration list for PBXNativeTarget "LinkedListsHomework" */;
			buildPhases = (
				545746CD1DBE6EF80008D049 /* Sources */,
				545746CE1DBE6EF80008D049 /* Frameworks */,
				545746CF1DBE6EF80008D049 /* Resources */,
			);
			buildRules = (
			);
			dependencies = (
			);
			name = LinkedListsHomework;
			productName = LinkedListsHomework;
			productReference = 545746D11DBE6EF80008D049 /* LinkedListsHomework.app */;
			productType = "com.apple.product-type.application";
		};
		545746E41DBE6EF80008D049 /* LinkedListsHomeworkTests */ = {
			isa = PBXNativeTarget;
			buildConfigurationList = 545746F11DBE6EF80008D049 /* Build configuration list for PBXNativeTarget "LinkedListsHomeworkTests" */;
			buildPhases = (
				545746E11DBE6EF80008D049 /* Sources */,
				545746E21DBE6EF80008D049 /* Frameworks */,
				545746E31DBE6EF80008D049 /* Resources */,
			);
			buildRules = (
			);
			dependencies = (
				545746E71DBE6EF80008D049 /* PBXTargetDependency */,
			);
			name = LinkedListsHomeworkTests;
			productName = LinkedListsHomeworkTests;
			productReference = 545746E51DBE6EF80008D049 /* LinkedListsHomeworkTests.xctest */;
			productType = "com.apple.product-type.bundle.unit-test";
		};
/* End PBXNativeTarget section */

/* Begin PBXProject section */
		545746C91DBE6EF80008D049 /* Project object */ = {
			isa = PBXProject;
			attributes = {
				LastSwiftUpdateCheck = 0800;
				LastUpgradeCheck = 0800;
				ORGANIZATIONNAME = "C4Q ";
				TargetAttributes = {
					545746D01DBE6EF80008D049 = {
						CreatedOnToolsVersion = 8.0;
						ProvisioningStyle = Automatic;
					};
					545746E41DBE6EF80008D049 = {
						CreatedOnToolsVersion = 8.0;
						LastSwiftMigration = 0800;
						ProvisioningStyle = Automatic;
						TestTargetID = 545746D01DBE6EF80008D049;
					};
				};
			};
			buildConfigurationList = 545746CC1DBE6EF80008D049 /* Build configuration list for PBXProject "LinkedListsHomework" */;
			compatibilityVersion = "Xcode 3.2";
			developmentRegion = English;
			hasScannedForEncodings = 0;
			knownRegions = (
				en,
				Base,
			);
			mainGroup = 545746C81DBE6EF80008D049;
			productRefGroup = 545746D21DBE6EF80008D049 /* Products */;
			projectDirPath = "";
			projectRoot = "";
			targets = (
				545746D01DBE6EF80008D049 /* LinkedListsHomework */,
				545746E41DBE6EF80008D049 /* LinkedListsHomeworkTests */,
			);
		};
/* End PBXProject section */

/* Begin PBXResourcesBuildPhase section */
		545746CF1DBE6EF80008D049 /* Resources */ = {
			isa = PBXResourcesBuildPhase;
			buildActionMask = 2147483647;
			files = (
				545746DF1DBE6EF80008D049 /* LaunchScreen.storyboard in Resources */,
				545746DC1DBE6EF80008D049 /* Assets.xcassets in Resources */,
				545746DA1DBE6EF80008D049 /* Main.storyboard in Resources */,
			);
			runOnlyForDeploymentPostprocessing = 0;
		};
		545746E31DBE6EF80008D049 /* Resources */ = {
			isa = PBXResourcesBuildPhase;
			buildActionMask = 2147483647;
			files = (
			);
			runOnlyForDeploymentPostprocessing = 0;
		};
/* End PBXResourcesBuildPhase section */

/* Begin PBXSourcesBuildPhase section */
		545746CD1DBE6EF80008D049 /* Sources */ = {
			isa = PBXSourcesBuildPhase;
			buildActionMask = 2147483647;
			files = (
				545746F51DBE6F0D0008D049 /* LinkedList.swift in Sources */,
				545746D71DBE6EF80008D049 /* ViewController.swift in Sources */,
				545746D51DBE6EF80008D049 /* AppDelegate.swift in Sources */,
			);
			runOnlyForDeploymentPostprocessing = 0;
		};
		545746E11DBE6EF80008D049 /* Sources */ = {
			isa = PBXSourcesBuildPhase;
			buildActionMask = 2147483647;
			files = (
				545746F81DBE6F670008D049 /* LinkedListTesting.swift in Sources */,
			);
			runOnlyForDeploymentPostprocessing = 0;
		};
/* End PBXSourcesBuildPhase section */

/* Begin PBXTargetDependency section */
		545746E71DBE6EF80008D049 /* PBXTargetDependency */ = {
			isa = PBXTargetDependency;
			target = 545746D01DBE6EF80008D049 /* LinkedListsHomework */;
			targetProxy = 545746E61DBE6EF80008D049 /* PBXContainerItemProxy */;
		};
/* End PBXTargetDependency section */

/* Begin PBXVariantGroup section */
		545746D81DBE6EF80008D049 /* Main.storyboard */ = {
			isa = PBXVariantGroup;
			children = (
				545746D91DBE6EF80008D049 /* Base */,
			);
			name = Main.storyboard;
			sourceTree = "<group>";
		};
		545746DD1DBE6EF80008D049 /* LaunchScreen.storyboard */ = {
			isa = PBXVariantGroup;
			children = (
				545746DE1DBE6EF80008D049 /* Base */,
			);
			name = LaunchScreen.storyboard;
			sourceTree = "<group>";
		};
/* End PBXVariantGroup section */

/* Begin XCBuildConfiguration section */
		545746EC1DBE6EF80008D049 /* Debug */ = {
			isa = XCBuildConfiguration;
			buildSettings = {
				ALWAYS_SEARCH_USER_PATHS = NO;
				CLANG_ANALYZER_NONNULL = YES;
				CLANG_CXX_LANGUAGE_STANDARD = "gnu++0x";
				CLANG_CXX_LIBRARY = "libc++";
				CLANG_ENABLE_MODULES = YES;
				CLANG_ENABLE_OBJC_ARC = YES;
				CLANG_WARN_BOOL_CONVERSION = YES;
				CLANG_WARN_CONSTANT_CONVERSION = YES;
				CLANG_WARN_DIRECT_OBJC_ISA_USAGE = YES_ERROR;
				CLANG_WARN_DOCUMENTATION_COMMENTS = YES;
				CLANG_WARN_EMPTY_BODY = YES;
				CLANG_WARN_ENUM_CONVERSION = YES;
				CLANG_WARN_INFINITE_RECURSION = YES;
				CLANG_WARN_INT_CONVERSION = YES;
				CLANG_WARN_OBJC_ROOT_CLASS = YES_ERROR;
				CLANG_WARN_SUSPICIOUS_MOVES = YES;
				CLANG_WARN_UNREACHABLE_CODE = YES;
				CLANG_WARN__DUPLICATE_METHOD_MATCH = YES;
				"CODE_SIGN_IDENTITY[sdk=iphoneos*]" = "iPhone Developer";
				COPY_PHASE_STRIP = NO;
				DEBUG_INFORMATION_FORMAT = dwarf;
				ENABLE_STRICT_OBJC_MSGSEND = YES;
				ENABLE_TESTABILITY = YES;
				GCC_C_LANGUAGE_STANDARD = gnu99;
				GCC_DYNAMIC_NO_PIC = NO;
				GCC_NO_COMMON_BLOCKS = YES;
				GCC_OPTIMIZATION_LEVEL = 0;
				GCC_PREPROCESSOR_DEFINITIONS = (
					"DEBUG=1",
					"$(inherited)",
				);
				GCC_WARN_64_TO_32_BIT_CONVERSION = YES;
				GCC_WARN_ABOUT_RETURN_TYPE = YES_ERROR;
				GCC_WARN_UNDECLARED_SELECTOR = YES;
				GCC_WARN_UNINITIALIZED_AUTOS = YES_AGGRESSIVE;
				GCC_WARN_UNUSED_FUNCTION = YES;
				GCC_WARN_UNUSED_VARIABLE = YES;
				IPHONEOS_DEPLOYMENT_TARGET = 10.0;
				MTL_ENABLE_DEBUG_INFO = YES;
				ONLY_ACTIVE_ARCH = YES;
				SDKROOT = iphoneos;
				SWIFT_ACTIVE_COMPILATION_CONDITIONS = DEBUG;
				SWIFT_OPTIMIZATION_LEVEL = "-Onone";
				TARGETED_DEVICE_FAMILY = "1,2";
			};
			name = Debug;
		};
		545746ED1DBE6EF80008D049 /* Release */ = {
			isa = XCBuildConfiguration;
			buildSettings = {
				ALWAYS_SEARCH_USER_PATHS = NO;
				CLANG_ANALYZER_NONNULL = YES;
				CLANG_CXX_LANGUAGE_STANDARD = "gnu++0x";
				CLANG_CXX_LIBRARY = "libc++";
				CLANG_ENABLE_MODULES = YES;
				CLANG_ENABLE_OBJC_ARC = YES;
				CLANG_WARN_BOOL_CONVERSION = YES;
				CLANG_WARN_CONSTANT_CONVERSION = YES;
				CLANG_WARN_DIRECT_OBJC_ISA_USAGE = YES_ERROR;
				CLANG_WARN_DOCUMENTATION_COMMENTS = YES;
				CLANG_WARN_EMPTY_BODY = YES;
				CLANG_WARN_ENUM_CONVERSION = YES;
				CLANG_WARN_INFINITE_RECURSION = YES;
				CLANG_WARN_INT_CONVERSION = YES;
				CLANG_WARN_OBJC_ROOT_CLASS = YES_ERROR;
				CLANG_WARN_SUSPICIOUS_MOVES = YES;
				CLANG_WARN_UNREACHABLE_CODE = YES;
				CLANG_WARN__DUPLICATE_METHOD_MATCH = YES;
				"CODE_SIGN_IDENTITY[sdk=iphoneos*]" = "iPhone Developer";
				COPY_PHASE_STRIP = NO;
				DEBUG_INFORMATION_FORMAT = "dwarf-with-dsym";
				ENABLE_NS_ASSERTIONS = NO;
				ENABLE_STRICT_OBJC_MSGSEND = YES;
				GCC_C_LANGUAGE_STANDARD = gnu99;
				GCC_NO_COMMON_BLOCKS = YES;
				GCC_WARN_64_TO_32_BIT_CONVERSION = YES;
				GCC_WARN_ABOUT_RETURN_TYPE = YES_ERROR;
				GCC_WARN_UNDECLARED_SELECTOR = YES;
				GCC_WARN_UNINITIALIZED_AUTOS = YES_AGGRESSIVE;
				GCC_WARN_UNUSED_FUNCTION = YES;
				GCC_WARN_UNUSED_VARIABLE = YES;
				IPHONEOS_DEPLOYMENT_TARGET = 10.0;
				MTL_ENABLE_DEBUG_INFO = NO;
				SDKROOT = iphoneos;
				SWIFT_OPTIMIZATION_LEVEL = "-Owholemodule";
				TARGETED_DEVICE_FAMILY = "1,2";
				VALIDATE_PRODUCT = YES;
			};
			name = Release;
		};
		545746EF1DBE6EF80008D049 /* Debug */ = {
			isa = XCBuildConfiguration;
			buildSettings = {
				ASSETCATALOG_COMPILER_APPICON_NAME = AppIcon;
				INFOPLIST_FILE = LinkedListsHomework/Info.plist;
				LD_RUNPATH_SEARCH_PATHS = "$(inherited) @executable_path/Frameworks";
				PRODUCT_BUNDLE_IDENTIFIER = c4q.LinkedListsHomework;
				PRODUCT_NAME = "$(TARGET_NAME)";
				SWIFT_VERSION = 3.0;
			};
			name = Debug;
		};
		545746F01DBE6EF80008D049 /* Release */ = {
			isa = XCBuildConfiguration;
			buildSettings = {
				ASSETCATALOG_COMPILER_APPICON_NAME = AppIcon;
				INFOPLIST_FILE = LinkedListsHomework/Info.plist;
				LD_RUNPATH_SEARCH_PATHS = "$(inherited) @executable_path/Frameworks";
				PRODUCT_BUNDLE_IDENTIFIER = c4q.LinkedListsHomework;
				PRODUCT_NAME = "$(TARGET_NAME)";
				SWIFT_VERSION = 3.0;
			};
			name = Release;
		};
		545746F21DBE6EF80008D049 /* Debug */ = {
			isa = XCBuildConfiguration;
			buildSettings = {
				ALWAYS_EMBED_SWIFT_STANDARD_LIBRARIES = YES;
				BUNDLE_LOADER = "$(TEST_HOST)";
				CLANG_ENABLE_MODULES = YES;
				INFOPLIST_FILE = LinkedListsHomeworkTests/Info.plist;
				LD_RUNPATH_SEARCH_PATHS = "$(inherited) @executable_path/Frameworks @loader_path/Frameworks";
				PRODUCT_BUNDLE_IDENTIFIER = c4q.LinkedListsHomeworkTests;
				PRODUCT_NAME = "$(TARGET_NAME)";
				SWIFT_OPTIMIZATION_LEVEL = "-Onone";
				SWIFT_VERSION = 3.0;
				TEST_HOST = "$(BUILT_PRODUCTS_DIR)/LinkedListsHomework.app/LinkedListsHomework";
			};
			name = Debug;
		};
		545746F31DBE6EF80008D049 /* Release */ = {
			isa = XCBuildConfiguration;
			buildSettings = {
				ALWAYS_EMBED_SWIFT_STANDARD_LIBRARIES = YES;
				BUNDLE_LOADER = "$(TEST_HOST)";
				CLANG_ENABLE_MODULES = YES;
				INFOPLIST_FILE = LinkedListsHomeworkTests/Info.plist;
				LD_RUNPATH_SEARCH_PATHS = "$(inherited) @executable_path/Frameworks @loader_path/Frameworks";
				PRODUCT_BUNDLE_IDENTIFIER = c4q.LinkedListsHomeworkTests;
				PRODUCT_NAME = "$(TARGET_NAME)";
				SWIFT_VERSION = 3.0;
				TEST_HOST = "$(BUILT_PRODUCTS_DIR)/LinkedListsHomework.app/LinkedListsHomework";
			};
			name = Release;
		};
/* End XCBuildConfiguration section */

/* Begin XCConfigurationList section */
		545746CC1DBE6EF80008D049 /* Build configuration list for PBXProject "LinkedListsHomework" */ = {
			isa = XCConfigurationList;
			buildConfigurations = (
				545746EC1DBE6EF80008D049 /* Debug */,
				545746ED1DBE6EF80008D049 /* Release */,
			);
			defaultConfigurationIsVisible = 0;
			defaultConfigurationName = Release;
		};
		545746EE1DBE6EF80008D049 /* Build configuration list for PBXNativeTarget "LinkedListsHomework" */ = {
			isa = XCConfigurationList;
			buildConfigurations = (
				545746EF1DBE6EF80008D049 /* Debug */,
				545746F01DBE6EF80008D049 /* Release */,
			);
			defaultConfigurationIsVisible = 0;
		};
		545746F11DBE6EF80008D049 /* Build configuration list for PBXNativeTarget "LinkedListsHomeworkTests" */ = {
			isa = XCConfigurationList;
			buildConfigurations = (
				545746F21DBE6EF80008D049 /* Debug */,
				545746F31DBE6EF80008D049 /* Release */,
			);
			defaultConfigurationIsVisible = 0;
		};
/* End XCConfigurationList section */
	};
	rootObject = 545746C91DBE6EF80008D049 /* Project object */;
}
