// !$*UTF8*$!
{
	archiveVersion = 1;
	classes = {
	};
	objectVersion = 46;
	objects = {

/* Begin PBXBuildFile section */
		54C97EBD1DB9154600AA0A09 /* AppDelegate.swift in Sources */ = {isa = PBXBuildFile; fileRef = 54C97EBC1DB9154600AA0A09 /* AppDelegate.swift */; };
		54C97EBF1DB9154600AA0A09 /* ViewController.swift in Sources */ = {isa = PBXBuildFile; fileRef = 54C97EBE1DB9154600AA0A09 /* ViewController.swift */; };
		54C97EC21DB9154600AA0A09 /* Main.storyboard in Resources */ = {isa = PBXBuildFile; fileRef = 54C97EC01DB9154600AA0A09 /* Main.storyboard */; };
		54C97EC41DB9154600AA0A09 /* Assets.xcassets in Resources */ = {isa = PBXBuildFile; fileRef = 54C97EC31DB9154600AA0A09 /* Assets.xcassets */; };
		54C97EC71DB9154600AA0A09 /* LaunchScreen.storyboard in Resources */ = {isa = PBXBuildFile; fileRef = 54C97EC51DB9154600AA0A09 /* LaunchScreen.storyboard */; };
		54C97ED21DB9154600AA0A09 /* ArraysHomeworkProblemsTests.swift in Sources */ = {isa = PBXBuildFile; fileRef = 54C97ED11DB9154600AA0A09 /* ArraysHomeworkProblemsTests.swift */; };
		54C97EDE1DB9156D00AA0A09 /* ArrayProblems.swift in Sources */ = {isa = PBXBuildFile; fileRef = 54C97EDD1DB9156D00AA0A09 /* ArrayProblems.swift */; };
/* End PBXBuildFile section */

/* Begin PBXContainerItemProxy section */
		54C97ECE1DB9154600AA0A09 /* PBXContainerItemProxy */ = {
			isa = PBXContainerItemProxy;
			containerPortal = 54C97EB11DB9154400AA0A09 /* Project object */;
			proxyType = 1;
			remoteGlobalIDString = 54C97EB81DB9154400AA0A09;
			remoteInfo = ArraysHomeworkProblems;
		};
/* End PBXContainerItemProxy section */

/* Begin PBXFileReference section */
		54C97EB91DB9154600AA0A09 /* ArraysHomeworkProblems.app */ = {isa = PBXFileReference; explicitFileType = wrapper.application; includeInIndex = 0; path = ArraysHomeworkProblems.app; sourceTree = BUILT_PRODUCTS_DIR; };
		54C97EBC1DB9154600AA0A09 /* AppDelegate.swift */ = {isa = PBXFileReference; lastKnownFileType = sourcecode.swift; path = AppDelegate.swift; sourceTree = "<group>"; };
		54C97EBE1DB9154600AA0A09 /* ViewController.swift */ = {isa = PBXFileReference; lastKnownFileType = sourcecode.swift; path = ViewController.swift; sourceTree = "<group>"; };
		54C97EC11DB9154600AA0A09 /* Base */ = {isa = PBXFileReference; lastKnownFileType = file.storyboard; name = Base; path = Base.lproj/Main.storyboard; sourceTree = "<group>"; };
		54C97EC31DB9154600AA0A09 /* Assets.xcassets */ = {isa = PBXFileReference; lastKnownFileType = folder.assetcatalog; path = Assets.xcassets; sourceTree = "<group>"; };
		54C97EC61DB9154600AA0A09 /* Base */ = {isa = PBXFileReference; lastKnownFileType = file.storyboard; name = Base; path = Base.lproj/LaunchScreen.storyboard; sourceTree = "<group>"; };
		54C97EC81DB9154600AA0A09 /* Info.plist */ = {isa = PBXFileReference; lastKnownFileType = text.plist.xml; path = Info.plist; sourceTree = "<group>"; };
		54C97ECD1DB9154600AA0A09 /* ArraysHomeworkProblemsTests.xctest */ = {isa = PBXFileReference; explicitFileType = wrapper.cfbundle; includeInIndex = 0; path = ArraysHomeworkProblemsTests.xctest; sourceTree = BUILT_PRODUCTS_DIR; };
		54C97ED11DB9154600AA0A09 /* ArraysHomeworkProblemsTests.swift */ = {isa = PBXFileReference; lastKnownFileType = sourcecode.swift; path = ArraysHomeworkProblemsTests.swift; sourceTree = "<group>"; };
		54C97ED31DB9154600AA0A09 /* Info.plist */ = {isa = PBXFileReference; lastKnownFileType = text.plist.xml; path = Info.plist; sourceTree = "<group>"; };
		54C97EDD1DB9156D00AA0A09 /* ArrayProblems.swift */ = {isa = PBXFileReference; fileEncoding = 4; lastKnownFileType = sourcecode.swift; path = ArrayProblems.swift; sourceTree = "<group>"; };
/* End PBXFileReference section */

/* Begin PBXFrameworksBuildPhase section */
		54C97EB61DB9154400AA0A09 /* Frameworks */ = {
			isa = PBXFrameworksBuildPhase;
			buildActionMask = 2147483647;
			files = (
			);
			runOnlyForDeploymentPostprocessing = 0;
		};
		54C97ECA1DB9154600AA0A09 /* Frameworks */ = {
			isa = PBXFrameworksBuildPhase;
			buildActionMask = 2147483647;
			files = (
			);
			runOnlyForDeploymentPostprocessing = 0;
		};
/* End PBXFrameworksBuildPhase section */

/* Begin PBXGroup section */
		54C97EB01DB9154400AA0A09 = {
			isa = PBXGroup;
			children = (
				54C97EBB1DB9154600AA0A09 /* ArraysHomeworkProblems */,
				54C97ED01DB9154600AA0A09 /* ArraysHomeworkProblemsTests */,
				54C97EBA1DB9154600AA0A09 /* Products */,
			);
			sourceTree = "<group>";
		};
		54C97EBA1DB9154600AA0A09 /* Products */ = {
			isa = PBXGroup;
			children = (
				54C97EB91DB9154600AA0A09 /* ArraysHomeworkProblems.app */,
				54C97ECD1DB9154600AA0A09 /* ArraysHomeworkProblemsTests.xctest */,
			);
			name = Products;
			sourceTree = "<group>";
		};
		54C97EBB1DB9154600AA0A09 /* ArraysHomeworkProblems */ = {
			isa = PBXGroup;
			children = (
				54C97EDD1DB9156D00AA0A09 /* ArrayProblems.swift */,
				54C97EDC1DB9155600AA0A09 /* iOS Stff */,
			);
			path = ArraysHomeworkProblems;
			sourceTree = "<group>";
		};
		54C97ED01DB9154600AA0A09 /* ArraysHomeworkProblemsTests */ = {
			isa = PBXGroup;
			children = (
				54C97ED11DB9154600AA0A09 /* ArraysHomeworkProblemsTests.swift */,
				54C97ED31DB9154600AA0A09 /* Info.plist */,
			);
			path = ArraysHomeworkProblemsTests;
			sourceTree = "<group>";
		};
		54C97EDC1DB9155600AA0A09 /* iOS Stff */ = {
			isa = PBXGroup;
			children = (
				54C97EBC1DB9154600AA0A09 /* AppDelegate.swift */,
				54C97EBE1DB9154600AA0A09 /* ViewController.swift */,
				54C97EC01DB9154600AA0A09 /* Main.storyboard */,
				54C97EC31DB9154600AA0A09 /* Assets.xcassets */,
				54C97EC51DB9154600AA0A09 /* LaunchScreen.storyboard */,
				54C97EC81DB9154600AA0A09 /* Info.plist */,
			);
			name = "iOS Stff";
			sourceTree = "<group>";
		};
/* End PBXGroup section */

/* Begin PBXNativeTarget section */
		54C97EB81DB9154400AA0A09 /* ArraysHomeworkProblems */ = {
			isa = PBXNativeTarget;
			buildConfigurationList = 54C97ED61DB9154600AA0A09 /* Build configuration list for PBXNativeTarget "ArraysHomeworkProblems" */;
			buildPhases = (
				54C97EB51DB9154400AA0A09 /* Sources */,
				54C97EB61DB9154400AA0A09 /* Frameworks */,
				54C97EB71DB9154400AA0A09 /* Resources */,
			);
			buildRules = (
			);
			dependencies = (
			);
			name = ArraysHomeworkProblems;
			productName = ArraysHomeworkProblems;
			productReference = 54C97EB91DB9154600AA0A09 /* ArraysHomeworkProblems.app */;
			productType = "com.apple.product-type.application";
		};
		54C97ECC1DB9154600AA0A09 /* ArraysHomeworkProblemsTests */ = {
			isa = PBXNativeTarget;
			buildConfigurationList = 54C97ED91DB9154600AA0A09 /* Build configuration list for PBXNativeTarget "ArraysHomeworkProblemsTests" */;
			buildPhases = (
				54C97EC91DB9154600AA0A09 /* Sources */,
				54C97ECA1DB9154600AA0A09 /* Frameworks */,
				54C97ECB1DB9154600AA0A09 /* Resources */,
			);
			buildRules = (
			);
			dependencies = (
				54C97ECF1DB9154600AA0A09 /* PBXTargetDependency */,
			);
			name = ArraysHomeworkProblemsTests;
			productName = ArraysHomeworkProblemsTests;
			productReference = 54C97ECD1DB9154600AA0A09 /* ArraysHomeworkProblemsTests.xctest */;
			productType = "com.apple.product-type.bundle.unit-test";
		};
/* End PBXNativeTarget section */

/* Begin PBXProject section */
		54C97EB11DB9154400AA0A09 /* Project object */ = {
			isa = PBXProject;
			attributes = {
				LastSwiftUpdateCheck = 0800;
				LastUpgradeCheck = 0800;
				ORGANIZATIONNAME = "C4Q ";
				TargetAttributes = {
					54C97EB81DB9154400AA0A09 = {
						CreatedOnToolsVersion = 8.0;
						ProvisioningStyle = Automatic;
					};
					54C97ECC1DB9154600AA0A09 = {
						CreatedOnToolsVersion = 8.0;
						ProvisioningStyle = Automatic;
						TestTargetID = 54C97EB81DB9154400AA0A09;
					};
				};
			};
			buildConfigurationList = 54C97EB41DB9154400AA0A09 /* Build configuration list for PBXProject "ArraysHomeworkProblems" */;
			compatibilityVersion = "Xcode 3.2";
			developmentRegion = English;
			hasScannedForEncodings = 0;
			knownRegions = (
				en,
				Base,
			);
			mainGroup = 54C97EB01DB9154400AA0A09;
			productRefGroup = 54C97EBA1DB9154600AA0A09 /* Products */;
			projectDirPath = "";
			projectRoot = "";
			targets = (
				54C97EB81DB9154400AA0A09 /* ArraysHomeworkProblems */,
				54C97ECC1DB9154600AA0A09 /* ArraysHomeworkProblemsTests */,
			);
		};
/* End PBXProject section */

/* Begin PBXResourcesBuildPhase section */
		54C97EB71DB9154400AA0A09 /* Resources */ = {
			isa = PBXResourcesBuildPhase;
			buildActionMask = 2147483647;
			files = (
				54C97EC71DB9154600AA0A09 /* LaunchScreen.storyboard in Resources */,
				54C97EC41DB9154600AA0A09 /* Assets.xcassets in Resources */,
				54C97EC21DB9154600AA0A09 /* Main.storyboard in Resources */,
			);
			runOnlyForDeploymentPostprocessing = 0;
		};
		54C97ECB1DB9154600AA0A09 /* Resources */ = {
			isa = PBXResourcesBuildPhase;
			buildActionMask = 2147483647;
			files = (
			);
			runOnlyForDeploymentPostprocessing = 0;
		};
/* End PBXResourcesBuildPhase section */

/* Begin PBXSourcesBuildPhase section */
		54C97EB51DB9154400AA0A09 /* Sources */ = {
			isa = PBXSourcesBuildPhase;
			buildActionMask = 2147483647;
			files = (
				54C97EDE1DB9156D00AA0A09 /* ArrayProblems.swift in Sources */,
				54C97EBF1DB9154600AA0A09 /* ViewController.swift in Sources */,
				54C97EBD1DB9154600AA0A09 /* AppDelegate.swift in Sources */,
			);
			runOnlyForDeploymentPostprocessing = 0;
		};
		54C97EC91DB9154600AA0A09 /* Sources */ = {
			isa = PBXSourcesBuildPhase;
			buildActionMask = 2147483647;
			files = (
				54C97ED21DB9154600AA0A09 /* ArraysHomeworkProblemsTests.swift in Sources */,
			);
			runOnlyForDeploymentPostprocessing = 0;
		};
/* End PBXSourcesBuildPhase section */

/* Begin PBXTargetDependency section */
		54C97ECF1DB9154600AA0A09 /* PBXTargetDependency */ = {
			isa = PBXTargetDependency;
			target = 54C97EB81DB9154400AA0A09 /* ArraysHomeworkProblems */;
			targetProxy = 54C97ECE1DB9154600AA0A09 /* PBXContainerItemProxy */;
		};
/* End PBXTargetDependency section */

/* Begin PBXVariantGroup section */
		54C97EC01DB9154600AA0A09 /* Main.storyboard */ = {
			isa = PBXVariantGroup;
			children = (
				54C97EC11DB9154600AA0A09 /* Base */,
			);
			name = Main.storyboard;
			sourceTree = "<group>";
		};
		54C97EC51DB9154600AA0A09 /* LaunchScreen.storyboard */ = {
			isa = PBXVariantGroup;
			children = (
				54C97EC61DB9154600AA0A09 /* Base */,
			);
			name = LaunchScreen.storyboard;
			sourceTree = "<group>";
		};
/* End PBXVariantGroup section */

/* Begin XCBuildConfiguration section */
		54C97ED41DB9154600AA0A09 /* Debug */ = {
			isa = XCBuildConfiguration;
			buildSettings = {
				ALWAYS_SEARCH_USER_PATHS = NO;
				CLANG_ANALYZER_NONNULL = YES;
				CLANG_CXX_LANGUAGE_STANDARD = "gnu++0x";
				CLANG_CXX_LIBRARY = "libc++";
				CLANG_ENABLE_MODULES = YES;
				CLANG_ENABLE_OBJC_ARC = YES;
				CLANG_WARN_BOOL_CONVERSION = YES;
				CLANG_WARN_CONSTANT_CONVERSION = YES;
				CLANG_WARN_DIRECT_OBJC_ISA_USAGE = YES_ERROR;
				CLANG_WARN_DOCUMENTATION_COMMENTS = YES;
				CLANG_WARN_EMPTY_BODY = YES;
				CLANG_WARN_ENUM_CONVERSION = YES;
				CLANG_WARN_INFINITE_RECURSION = YES;
				CLANG_WARN_INT_CONVERSION = YES;
				CLANG_WARN_OBJC_ROOT_CLASS = YES_ERROR;
				CLANG_WARN_SUSPICIOUS_MOVES = YES;
				CLANG_WARN_UNREACHABLE_CODE = YES;
				CLANG_WARN__DUPLICATE_METHOD_MATCH = YES;
				"CODE_SIGN_IDENTITY[sdk=iphoneos*]" = "iPhone Developer";
				COPY_PHASE_STRIP = NO;
				DEBUG_INFORMATION_FORMAT = dwarf;
				ENABLE_STRICT_OBJC_MSGSEND = YES;
				ENABLE_TESTABILITY = YES;
				GCC_C_LANGUAGE_STANDARD = gnu99;
				GCC_DYNAMIC_NO_PIC = NO;
				GCC_NO_COMMON_BLOCKS = YES;
				GCC_OPTIMIZATION_LEVEL = 0;
				GCC_PREPROCESSOR_DEFINITIONS = (
					"DEBUG=1",
					"$(inherited)",
				);
				GCC_WARN_64_TO_32_BIT_CONVERSION = YES;
				GCC_WARN_ABOUT_RETURN_TYPE = YES_ERROR;
				GCC_WARN_UNDECLARED_SELECTOR = YES;
				GCC_WARN_UNINITIALIZED_AUTOS = YES_AGGRESSIVE;
				GCC_WARN_UNUSED_FUNCTION = YES;
				GCC_WARN_UNUSED_VARIABLE = YES;
				IPHONEOS_DEPLOYMENT_TARGET = 10.0;
				MTL_ENABLE_DEBUG_INFO = YES;
				ONLY_ACTIVE_ARCH = YES;
				SDKROOT = iphoneos;
				SWIFT_ACTIVE_COMPILATION_CONDITIONS = DEBUG;
				SWIFT_OPTIMIZATION_LEVEL = "-Onone";
				TARGETED_DEVICE_FAMILY = "1,2";
			};
			name = Debug;
		};
		54C97ED51DB9154600AA0A09 /* Release */ = {
			isa = XCBuildConfiguration;
			buildSettings = {
				ALWAYS_SEARCH_USER_PATHS = NO;
				CLANG_ANALYZER_NONNULL = YES;
				CLANG_CXX_LANGUAGE_STANDARD = "gnu++0x";
				CLANG_CXX_LIBRARY = "libc++";
				CLANG_ENABLE_MODULES = YES;
				CLANG_ENABLE_OBJC_ARC = YES;
				CLANG_WARN_BOOL_CONVERSION = YES;
				CLANG_WARN_CONSTANT_CONVERSION = YES;
				CLANG_WARN_DIRECT_OBJC_ISA_USAGE = YES_ERROR;
				CLANG_WARN_DOCUMENTATION_COMMENTS = YES;
				CLANG_WARN_EMPTY_BODY = YES;
				CLANG_WARN_ENUM_CONVERSION = YES;
				CLANG_WARN_INFINITE_RECURSION = YES;
				CLANG_WARN_INT_CONVERSION = YES;
				CLANG_WARN_OBJC_ROOT_CLASS = YES_ERROR;
				CLANG_WARN_SUSPICIOUS_MOVES = YES;
				CLANG_WARN_UNREACHABLE_CODE = YES;
				CLANG_WARN__DUPLICATE_METHOD_MATCH = YES;
				"CODE_SIGN_IDENTITY[sdk=iphoneos*]" = "iPhone Developer";
				COPY_PHASE_STRIP = NO;
				DEBUG_INFORMATION_FORMAT = "dwarf-with-dsym";
				ENABLE_NS_ASSERTIONS = NO;
				ENABLE_STRICT_OBJC_MSGSEND = YES;
				GCC_C_LANGUAGE_STANDARD = gnu99;
				GCC_NO_COMMON_BLOCKS = YES;
				GCC_WARN_64_TO_32_BIT_CONVERSION = YES;
				GCC_WARN_ABOUT_RETURN_TYPE = YES_ERROR;
				GCC_WARN_UNDECLARED_SELECTOR = YES;
				GCC_WARN_UNINITIALIZED_AUTOS = YES_AGGRESSIVE;
				GCC_WARN_UNUSED_FUNCTION = YES;
				GCC_WARN_UNUSED_VARIABLE = YES;
				IPHONEOS_DEPLOYMENT_TARGET = 10.0;
				MTL_ENABLE_DEBUG_INFO = NO;
				SDKROOT = iphoneos;
				SWIFT_OPTIMIZATION_LEVEL = "-Owholemodule";
				TARGETED_DEVICE_FAMILY = "1,2";
				VALIDATE_PRODUCT = YES;
			};
			name = Release;
		};
		54C97ED71DB9154600AA0A09 /* Debug */ = {
			isa = XCBuildConfiguration;
			buildSettings = {
				ASSETCATALOG_COMPILER_APPICON_NAME = AppIcon;
				INFOPLIST_FILE = ArraysHomeworkProblems/Info.plist;
				LD_RUNPATH_SEARCH_PATHS = "$(inherited) @executable_path/Frameworks";
				PRODUCT_BUNDLE_IDENTIFIER = c4q.ArraysHomeworkProblems;
				PRODUCT_NAME = "$(TARGET_NAME)";
				SWIFT_VERSION = 3.0;
			};
			name = Debug;
		};
		54C97ED81DB9154600AA0A09 /* Release */ = {
			isa = XCBuildConfiguration;
			buildSettings = {
				ASSETCATALOG_COMPILER_APPICON_NAME = AppIcon;
				INFOPLIST_FILE = ArraysHomeworkProblems/Info.plist;
				LD_RUNPATH_SEARCH_PATHS = "$(inherited) @executable_path/Frameworks";
				PRODUCT_BUNDLE_IDENTIFIER = c4q.ArraysHomeworkProblems;
				PRODUCT_NAME = "$(TARGET_NAME)";
				SWIFT_VERSION = 3.0;
			};
			name = Release;
		};
		54C97EDA1DB9154600AA0A09 /* Debug */ = {
			isa = XCBuildConfiguration;
			buildSettings = {
				ALWAYS_EMBED_SWIFT_STANDARD_LIBRARIES = YES;
				BUNDLE_LOADER = "$(TEST_HOST)";
				INFOPLIST_FILE = ArraysHomeworkProblemsTests/Info.plist;
				LD_RUNPATH_SEARCH_PATHS = "$(inherited) @executable_path/Frameworks @loader_path/Frameworks";
				PRODUCT_BUNDLE_IDENTIFIER = c4q.ArraysHomeworkProblemsTests;
				PRODUCT_NAME = "$(TARGET_NAME)";
				SWIFT_VERSION = 3.0;
				TEST_HOST = "$(BUILT_PRODUCTS_DIR)/ArraysHomeworkProblems.app/ArraysHomeworkProblems";
			};
			name = Debug;
		};
		54C97EDB1DB9154600AA0A09 /* Release */ = {
			isa = XCBuildConfiguration;
			buildSettings = {
				ALWAYS_EMBED_SWIFT_STANDARD_LIBRARIES = YES;
				BUNDLE_LOADER = "$(TEST_HOST)";
				INFOPLIST_FILE = ArraysHomeworkProblemsTests/Info.plist;
				LD_RUNPATH_SEARCH_PATHS = "$(inherited) @executable_path/Frameworks @loader_path/Frameworks";
				PRODUCT_BUNDLE_IDENTIFIER = c4q.ArraysHomeworkProblemsTests;
				PRODUCT_NAME = "$(TARGET_NAME)";
				SWIFT_VERSION = 3.0;
				TEST_HOST = "$(BUILT_PRODUCTS_DIR)/ArraysHomeworkProblems.app/ArraysHomeworkProblems";
			};
			name = Release;
		};
/* End XCBuildConfiguration section */

/* Begin XCConfigurationList section */
		54C97EB41DB9154400AA0A09 /* Build configuration list for PBXProject "ArraysHomeworkProblems" */ = {
			isa = XCConfigurationList;
			buildConfigurations = (
				54C97ED41DB9154600AA0A09 /* Debug */,
				54C97ED51DB9154600AA0A09 /* Release */,
			);
			defaultConfigurationIsVisible = 0;
			defaultConfigurationName = Release;
		};
		54C97ED61DB9154600AA0A09 /* Build configuration list for PBXNativeTarget "ArraysHomeworkProblems" */ = {
			isa = XCConfigurationList;
			buildConfigurations = (
				54C97ED71DB9154600AA0A09 /* Debug */,
				54C97ED81DB9154600AA0A09 /* Release */,
			);
			defaultConfigurationIsVisible = 0;
		};
		54C97ED91DB9154600AA0A09 /* Build configuration list for PBXNativeTarget "ArraysHomeworkProblemsTests" */ = {
			isa = XCConfigurationList;
			buildConfigurations = (
				54C97EDA1DB9154600AA0A09 /* Debug */,
				54C97EDB1DB9154600AA0A09 /* Release */,
			);
			defaultConfigurationIsVisible = 0;
		};
/* End XCConfigurationList section */
	};
	rootObject = 54C97EB11DB9154400AA0A09 /* Project object */;
}
