// !$*UTF8*$!
{
	archiveVersion = 1;
	classes = {
	};
	objectVersion = 46;
	objects = {

/* Begin PBXBuildFile section */
		54B6A0741DC102E700CBE24E /* AppDelegate.swift in Sources */ = {isa = PBXBuildFile; fileRef = 54B6A0731DC102E700CBE24E /* AppDelegate.swift */; };
		54B6A0761DC102E700CBE24E /* ViewController.swift in Sources */ = {isa = PBXBuildFile; fileRef = 54B6A0751DC102E700CBE24E /* ViewController.swift */; };
		54B6A0791DC102E700CBE24E /* Main.storyboard in Resources */ = {isa = PBXBuildFile; fileRef = 54B6A0771DC102E700CBE24E /* Main.storyboard */; };
		54B6A07B1DC102E700CBE24E /* Assets.xcassets in Resources */ = {isa = PBXBuildFile; fileRef = 54B6A07A1DC102E700CBE24E /* Assets.xcassets */; };
		54B6A07E1DC102E700CBE24E /* LaunchScreen.storyboard in Resources */ = {isa = PBXBuildFile; fileRef = 54B6A07C1DC102E700CBE24E /* LaunchScreen.storyboard */; };
		54B6A0891DC102E700CBE24E /* LinkedListsHomeworkThreeTests.swift in Sources */ = {isa = PBXBuildFile; fileRef = 54B6A0881DC102E700CBE24E /* LinkedListsHomeworkThreeTests.swift */; };
		54B6A0941DC102FC00CBE24E /* DayThreeLinkedListsProblems.swift in Sources */ = {isa = PBXBuildFile; fileRef = 54B6A0931DC102FC00CBE24E /* DayThreeLinkedListsProblems.swift */; };
/* End PBXBuildFile section */

/* Begin PBXContainerItemProxy section */
		54B6A0851DC102E700CBE24E /* PBXContainerItemProxy */ = {
			isa = PBXContainerItemProxy;
			containerPortal = 54B6A0681DC102E600CBE24E /* Project object */;
			proxyType = 1;
			remoteGlobalIDString = 54B6A06F1DC102E700CBE24E;
			remoteInfo = LinkedListsHomeworkThree;
		};
/* End PBXContainerItemProxy section */

/* Begin PBXFileReference section */
		54B6A0701DC102E700CBE24E /* LinkedListsHomeworkThree.app */ = {isa = PBXFileReference; explicitFileType = wrapper.application; includeInIndex = 0; path = LinkedListsHomeworkThree.app; sourceTree = BUILT_PRODUCTS_DIR; };
		54B6A0731DC102E700CBE24E /* AppDelegate.swift */ = {isa = PBXFileReference; lastKnownFileType = sourcecode.swift; path = AppDelegate.swift; sourceTree = "<group>"; };
		54B6A0751DC102E700CBE24E /* ViewController.swift */ = {isa = PBXFileReference; lastKnownFileType = sourcecode.swift; path = ViewController.swift; sourceTree = "<group>"; };
		54B6A0781DC102E700CBE24E /* Base */ = {isa = PBXFileReference; lastKnownFileType = file.storyboard; name = Base; path = Base.lproj/Main.storyboard; sourceTree = "<group>"; };
		54B6A07A1DC102E700CBE24E /* Assets.xcassets */ = {isa = PBXFileReference; lastKnownFileType = folder.assetcatalog; path = Assets.xcassets; sourceTree = "<group>"; };
		54B6A07D1DC102E700CBE24E /* Base */ = {isa = PBXFileReference; lastKnownFileType = file.storyboard; name = Base; path = Base.lproj/LaunchScreen.storyboard; sourceTree = "<group>"; };
		54B6A07F1DC102E700CBE24E /* Info.plist */ = {isa = PBXFileReference; lastKnownFileType = text.plist.xml; path = Info.plist; sourceTree = "<group>"; };
		54B6A0841DC102E700CBE24E /* LinkedListsHomeworkThreeTests.xctest */ = {isa = PBXFileReference; explicitFileType = wrapper.cfbundle; includeInIndex = 0; path = LinkedListsHomeworkThreeTests.xctest; sourceTree = BUILT_PRODUCTS_DIR; };
		54B6A0881DC102E700CBE24E /* LinkedListsHomeworkThreeTests.swift */ = {isa = PBXFileReference; lastKnownFileType = sourcecode.swift; path = LinkedListsHomeworkThreeTests.swift; sourceTree = "<group>"; };
		54B6A08A1DC102E700CBE24E /* Info.plist */ = {isa = PBXFileReference; lastKnownFileType = text.plist.xml; path = Info.plist; sourceTree = "<group>"; };
		54B6A0931DC102FC00CBE24E /* DayThreeLinkedListsProblems.swift */ = {isa = PBXFileReference; fileEncoding = 4; lastKnownFileType = sourcecode.swift; name = DayThreeLinkedListsProblems.swift; path = ../DayThreeLinkedListsProblems.swift; sourceTree = "<group>"; };
/* End PBXFileReference section */

/* Begin PBXFrameworksBuildPhase section */
		54B6A06D1DC102E700CBE24E /* Frameworks */ = {
			isa = PBXFrameworksBuildPhase;
			buildActionMask = 2147483647;
			files = (
			);
			runOnlyForDeploymentPostprocessing = 0;
		};
		54B6A0811DC102E700CBE24E /* Frameworks */ = {
			isa = PBXFrameworksBuildPhase;
			buildActionMask = 2147483647;
			files = (
			);
			runOnlyForDeploymentPostprocessing = 0;
		};
/* End PBXFrameworksBuildPhase section */

/* Begin PBXGroup section */
		54B6A0671DC102E600CBE24E = {
			isa = PBXGroup;
			children = (
				54B6A0721DC102E700CBE24E /* LinkedListsHomeworkThree */,
				54B6A0871DC102E700CBE24E /* LinkedListsHomeworkThreeTests */,
				54B6A0711DC102E700CBE24E /* Products */,
			);
			sourceTree = "<group>";
		};
		54B6A0711DC102E700CBE24E /* Products */ = {
			isa = PBXGroup;
			children = (
				54B6A0701DC102E700CBE24E /* LinkedListsHomeworkThree.app */,
				54B6A0841DC102E700CBE24E /* LinkedListsHomeworkThreeTests.xctest */,
			);
			name = Products;
			sourceTree = "<group>";
		};
		54B6A0721DC102E700CBE24E /* LinkedListsHomeworkThree */ = {
			isa = PBXGroup;
			children = (
				54B6A0931DC102FC00CBE24E /* DayThreeLinkedListsProblems.swift */,
				54B6A0951DC1042100CBE24E /* iOS Stuff */,
			);
			path = LinkedListsHomeworkThree;
			sourceTree = "<group>";
		};
		54B6A0871DC102E700CBE24E /* LinkedListsHomeworkThreeTests */ = {
			isa = PBXGroup;
			children = (
				54B6A0881DC102E700CBE24E /* LinkedListsHomeworkThreeTests.swift */,
				54B6A08A1DC102E700CBE24E /* Info.plist */,
			);
			path = LinkedListsHomeworkThreeTests;
			sourceTree = "<group>";
		};
		54B6A0951DC1042100CBE24E /* iOS Stuff */ = {
			isa = PBXGroup;
			children = (
				54B6A0731DC102E700CBE24E /* AppDelegate.swift */,
				54B6A0751DC102E700CBE24E /* ViewController.swift */,
				54B6A0771DC102E700CBE24E /* Main.storyboard */,
				54B6A07A1DC102E700CBE24E /* Assets.xcassets */,
				54B6A07C1DC102E700CBE24E /* LaunchScreen.storyboard */,
				54B6A07F1DC102E700CBE24E /* Info.plist */,
			);
			name = "iOS Stuff";
			sourceTree = "<group>";
		};
/* End PBXGroup section */

/* Begin PBXNativeTarget section */
		54B6A06F1DC102E700CBE24E /* LinkedListsHomeworkThree */ = {
			isa = PBXNativeTarget;
			buildConfigurationList = 54B6A08D1DC102E700CBE24E /* Build configuration list for PBXNativeTarget "LinkedListsHomeworkThree" */;
			buildPhases = (
				54B6A06C1DC102E700CBE24E /* Sources */,
				54B6A06D1DC102E700CBE24E /* Frameworks */,
				54B6A06E1DC102E700CBE24E /* Resources */,
			);
			buildRules = (
			);
			dependencies = (
			);
			name = LinkedListsHomeworkThree;
			productName = LinkedListsHomeworkThree;
			productReference = 54B6A0701DC102E700CBE24E /* LinkedListsHomeworkThree.app */;
			productType = "com.apple.product-type.application";
		};
		54B6A0831DC102E700CBE24E /* LinkedListsHomeworkThreeTests */ = {
			isa = PBXNativeTarget;
			buildConfigurationList = 54B6A0901DC102E700CBE24E /* Build configuration list for PBXNativeTarget "LinkedListsHomeworkThreeTests" */;
			buildPhases = (
				54B6A0801DC102E700CBE24E /* Sources */,
				54B6A0811DC102E700CBE24E /* Frameworks */,
				54B6A0821DC102E700CBE24E /* Resources */,
			);
			buildRules = (
			);
			dependencies = (
				54B6A0861DC102E700CBE24E /* PBXTargetDependency */,
			);
			name = LinkedListsHomeworkThreeTests;
			productName = LinkedListsHomeworkThreeTests;
			productReference = 54B6A0841DC102E700CBE24E /* LinkedListsHomeworkThreeTests.xctest */;
			productType = "com.apple.product-type.bundle.unit-test";
		};
/* End PBXNativeTarget section */

/* Begin PBXProject section */
		54B6A0681DC102E600CBE24E /* Project object */ = {
			isa = PBXProject;
			attributes = {
				LastSwiftUpdateCheck = 0800;
				LastUpgradeCheck = 0800;
				ORGANIZATIONNAME = "C4Q ";
				TargetAttributes = {
					54B6A06F1DC102E700CBE24E = {
						CreatedOnToolsVersion = 8.0;
						ProvisioningStyle = Automatic;
					};
					54B6A0831DC102E700CBE24E = {
						CreatedOnToolsVersion = 8.0;
						ProvisioningStyle = Automatic;
						TestTargetID = 54B6A06F1DC102E700CBE24E;
					};
				};
			};
			buildConfigurationList = 54B6A06B1DC102E600CBE24E /* Build configuration list for PBXProject "LinkedListsHomeworkThree" */;
			compatibilityVersion = "Xcode 3.2";
			developmentRegion = English;
			hasScannedForEncodings = 0;
			knownRegions = (
				en,
				Base,
			);
			mainGroup = 54B6A0671DC102E600CBE24E;
			productRefGroup = 54B6A0711DC102E700CBE24E /* Products */;
			projectDirPath = "";
			projectRoot = "";
			targets = (
				54B6A06F1DC102E700CBE24E /* LinkedListsHomeworkThree */,
				54B6A0831DC102E700CBE24E /* LinkedListsHomeworkThreeTests */,
			);
		};
/* End PBXProject section */

/* Begin PBXResourcesBuildPhase section */
		54B6A06E1DC102E700CBE24E /* Resources */ = {
			isa = PBXResourcesBuildPhase;
			buildActionMask = 2147483647;
			files = (
				54B6A07E1DC102E700CBE24E /* LaunchScreen.storyboard in Resources */,
				54B6A07B1DC102E700CBE24E /* Assets.xcassets in Resources */,
				54B6A0791DC102E700CBE24E /* Main.storyboard in Resources */,
			);
			runOnlyForDeploymentPostprocessing = 0;
		};
		54B6A0821DC102E700CBE24E /* Resources */ = {
			isa = PBXResourcesBuildPhase;
			buildActionMask = 2147483647;
			files = (
			);
			runOnlyForDeploymentPostprocessing = 0;
		};
/* End PBXResourcesBuildPhase section */

/* Begin PBXSourcesBuildPhase section */
		54B6A06C1DC102E700CBE24E /* Sources */ = {
			isa = PBXSourcesBuildPhase;
			buildActionMask = 2147483647;
			files = (
				54B6A0761DC102E700CBE24E /* ViewController.swift in Sources */,
				54B6A0941DC102FC00CBE24E /* DayThreeLinkedListsProblems.swift in Sources */,
				54B6A0741DC102E700CBE24E /* AppDelegate.swift in Sources */,
			);
			runOnlyForDeploymentPostprocessing = 0;
		};
		54B6A0801DC102E700CBE24E /* Sources */ = {
			isa = PBXSourcesBuildPhase;
			buildActionMask = 2147483647;
			files = (
				54B6A0891DC102E700CBE24E /* LinkedListsHomeworkThreeTests.swift in Sources */,
			);
			runOnlyForDeploymentPostprocessing = 0;
		};
/* End PBXSourcesBuildPhase section */

/* Begin PBXTargetDependency section */
		54B6A0861DC102E700CBE24E /* PBXTargetDependency */ = {
			isa = PBXTargetDependency;
			target = 54B6A06F1DC102E700CBE24E /* LinkedListsHomeworkThree */;
			targetProxy = 54B6A0851DC102E700CBE24E /* PBXContainerItemProxy */;
		};
/* End PBXTargetDependency section */

/* Begin PBXVariantGroup section */
		54B6A0771DC102E700CBE24E /* Main.storyboard */ = {
			isa = PBXVariantGroup;
			children = (
				54B6A0781DC102E700CBE24E /* Base */,
			);
			name = Main.storyboard;
			sourceTree = "<group>";
		};
		54B6A07C1DC102E700CBE24E /* LaunchScreen.storyboard */ = {
			isa = PBXVariantGroup;
			children = (
				54B6A07D1DC102E700CBE24E /* Base */,
			);
			name = LaunchScreen.storyboard;
			sourceTree = "<group>";
		};
/* End PBXVariantGroup section */

/* Begin XCBuildConfiguration section */
		54B6A08B1DC102E700CBE24E /* Debug */ = {
			isa = XCBuildConfiguration;
			buildSettings = {
				ALWAYS_SEARCH_USER_PATHS = NO;
				CLANG_ANALYZER_NONNULL = YES;
				CLANG_CXX_LANGUAGE_STANDARD = "gnu++0x";
				CLANG_CXX_LIBRARY = "libc++";
				CLANG_ENABLE_MODULES = YES;
				CLANG_ENABLE_OBJC_ARC = YES;
				CLANG_WARN_BOOL_CONVERSION = YES;
				CLANG_WARN_CONSTANT_CONVERSION = YES;
				CLANG_WARN_DIRECT_OBJC_ISA_USAGE = YES_ERROR;
				CLANG_WARN_DOCUMENTATION_COMMENTS = YES;
				CLANG_WARN_EMPTY_BODY = YES;
				CLANG_WARN_ENUM_CONVERSION = YES;
				CLANG_WARN_INFINITE_RECURSION = YES;
				CLANG_WARN_INT_CONVERSION = YES;
				CLANG_WARN_OBJC_ROOT_CLASS = YES_ERROR;
				CLANG_WARN_SUSPICIOUS_MOVES = YES;
				CLANG_WARN_UNREACHABLE_CODE = YES;
				CLANG_WARN__DUPLICATE_METHOD_MATCH = YES;
				"CODE_SIGN_IDENTITY[sdk=iphoneos*]" = "iPhone Developer";
				COPY_PHASE_STRIP = NO;
				DEBUG_INFORMATION_FORMAT = dwarf;
				ENABLE_STRICT_OBJC_MSGSEND = YES;
				ENABLE_TESTABILITY = YES;
				GCC_C_LANGUAGE_STANDARD = gnu99;
				GCC_DYNAMIC_NO_PIC = NO;
				GCC_NO_COMMON_BLOCKS = YES;
				GCC_OPTIMIZATION_LEVEL = 0;
				GCC_PREPROCESSOR_DEFINITIONS = (
					"DEBUG=1",
					"$(inherited)",
				);
				GCC_WARN_64_TO_32_BIT_CONVERSION = YES;
				GCC_WARN_ABOUT_RETURN_TYPE = YES_ERROR;
				GCC_WARN_UNDECLARED_SELECTOR = YES;
				GCC_WARN_UNINITIALIZED_AUTOS = YES_AGGRESSIVE;
				GCC_WARN_UNUSED_FUNCTION = YES;
				GCC_WARN_UNUSED_VARIABLE = YES;
				IPHONEOS_DEPLOYMENT_TARGET = 10.0;
				MTL_ENABLE_DEBUG_INFO = YES;
				ONLY_ACTIVE_ARCH = YES;
				SDKROOT = iphoneos;
				SWIFT_ACTIVE_COMPILATION_CONDITIONS = DEBUG;
				SWIFT_OPTIMIZATION_LEVEL = "-Onone";
				TARGETED_DEVICE_FAMILY = "1,2";
			};
			name = Debug;
		};
		54B6A08C1DC102E700CBE24E /* Release */ = {
			isa = XCBuildConfiguration;
			buildSettings = {
				ALWAYS_SEARCH_USER_PATHS = NO;
				CLANG_ANALYZER_NONNULL = YES;
				CLANG_CXX_LANGUAGE_STANDARD = "gnu++0x";
				CLANG_CXX_LIBRARY = "libc++";
				CLANG_ENABLE_MODULES = YES;
				CLANG_ENABLE_OBJC_ARC = YES;
				CLANG_WARN_BOOL_CONVERSION = YES;
				CLANG_WARN_CONSTANT_CONVERSION = YES;
				CLANG_WARN_DIRECT_OBJC_ISA_USAGE = YES_ERROR;
				CLANG_WARN_DOCUMENTATION_COMMENTS = YES;
				CLANG_WARN_EMPTY_BODY = YES;
				CLANG_WARN_ENUM_CONVERSION = YES;
				CLANG_WARN_INFINITE_RECURSION = YES;
				CLANG_WARN_INT_CONVERSION = YES;
				CLANG_WARN_OBJC_ROOT_CLASS = YES_ERROR;
				CLANG_WARN_SUSPICIOUS_MOVES = YES;
				CLANG_WARN_UNREACHABLE_CODE = YES;
				CLANG_WARN__DUPLICATE_METHOD_MATCH = YES;
				"CODE_SIGN_IDENTITY[sdk=iphoneos*]" = "iPhone Developer";
				COPY_PHASE_STRIP = NO;
				DEBUG_INFORMATION_FORMAT = "dwarf-with-dsym";
				ENABLE_NS_ASSERTIONS = NO;
				ENABLE_STRICT_OBJC_MSGSEND = YES;
				GCC_C_LANGUAGE_STANDARD = gnu99;
				GCC_NO_COMMON_BLOCKS = YES;
				GCC_WARN_64_TO_32_BIT_CONVERSION = YES;
				GCC_WARN_ABOUT_RETURN_TYPE = YES_ERROR;
				GCC_WARN_UNDECLARED_SELECTOR = YES;
				GCC_WARN_UNINITIALIZED_AUTOS = YES_AGGRESSIVE;
				GCC_WARN_UNUSED_FUNCTION = YES;
				GCC_WARN_UNUSED_VARIABLE = YES;
				IPHONEOS_DEPLOYMENT_TARGET = 10.0;
				MTL_ENABLE_DEBUG_INFO = NO;
				SDKROOT = iphoneos;
				SWIFT_OPTIMIZATION_LEVEL = "-Owholemodule";
				TARGETED_DEVICE_FAMILY = "1,2";
				VALIDATE_PRODUCT = YES;
			};
			name = Release;
		};
		54B6A08E1DC102E700CBE24E /* Debug */ = {
			isa = XCBuildConfiguration;
			buildSettings = {
				ASSETCATALOG_COMPILER_APPICON_NAME = AppIcon;
				INFOPLIST_FILE = LinkedListsHomeworkThree/Info.plist;
				LD_RUNPATH_SEARCH_PATHS = "$(inherited) @executable_path/Frameworks";
				PRODUCT_BUNDLE_IDENTIFIER = c4q.LinkedListsHomeworkThree;
				PRODUCT_NAME = "$(TARGET_NAME)";
				SWIFT_VERSION = 3.0;
			};
			name = Debug;
		};
		54B6A08F1DC102E700CBE24E /* Release */ = {
			isa = XCBuildConfiguration;
			buildSettings = {
				ASSETCATALOG_COMPILER_APPICON_NAME = AppIcon;
				INFOPLIST_FILE = LinkedListsHomeworkThree/Info.plist;
				LD_RUNPATH_SEARCH_PATHS = "$(inherited) @executable_path/Frameworks";
				PRODUCT_BUNDLE_IDENTIFIER = c4q.LinkedListsHomeworkThree;
				PRODUCT_NAME = "$(TARGET_NAME)";
				SWIFT_VERSION = 3.0;
			};
			name = Release;
		};
		54B6A0911DC102E700CBE24E /* Debug */ = {
			isa = XCBuildConfiguration;
			buildSettings = {
				ALWAYS_EMBED_SWIFT_STANDARD_LIBRARIES = YES;
				BUNDLE_LOADER = "$(TEST_HOST)";
				INFOPLIST_FILE = LinkedListsHomeworkThreeTests/Info.plist;
				LD_RUNPATH_SEARCH_PATHS = "$(inherited) @executable_path/Frameworks @loader_path/Frameworks";
				PRODUCT_BUNDLE_IDENTIFIER = c4q.LinkedListsHomeworkThreeTests;
				PRODUCT_NAME = "$(TARGET_NAME)";
				SWIFT_VERSION = 3.0;
				TEST_HOST = "$(BUILT_PRODUCTS_DIR)/LinkedListsHomeworkThree.app/LinkedListsHomeworkThree";
			};
			name = Debug;
		};
		54B6A0921DC102E700CBE24E /* Release */ = {
			isa = XCBuildConfiguration;
			buildSettings = {
				ALWAYS_EMBED_SWIFT_STANDARD_LIBRARIES = YES;
				BUNDLE_LOADER = "$(TEST_HOST)";
				INFOPLIST_FILE = LinkedListsHomeworkThreeTests/Info.plist;
				LD_RUNPATH_SEARCH_PATHS = "$(inherited) @executable_path/Frameworks @loader_path/Frameworks";
				PRODUCT_BUNDLE_IDENTIFIER = c4q.LinkedListsHomeworkThreeTests;
				PRODUCT_NAME = "$(TARGET_NAME)";
				SWIFT_VERSION = 3.0;
				TEST_HOST = "$(BUILT_PRODUCTS_DIR)/LinkedListsHomeworkThree.app/LinkedListsHomeworkThree";
			};
			name = Release;
		};
/* End XCBuildConfiguration section */

/* Begin XCConfigurationList section */
		54B6A06B1DC102E600CBE24E /* Build configuration list for PBXProject "LinkedListsHomeworkThree" */ = {
			isa = XCConfigurationList;
			buildConfigurations = (
				54B6A08B1DC102E700CBE24E /* Debug */,
				54B6A08C1DC102E700CBE24E /* Release */,
			);
			defaultConfigurationIsVisible = 0;
			defaultConfigurationName = Release;
		};
		54B6A08D1DC102E700CBE24E /* Build configuration list for PBXNativeTarget "LinkedListsHomeworkThree" */ = {
			isa = XCConfigurationList;
			buildConfigurations = (
				54B6A08E1DC102E700CBE24E /* Debug */,
				54B6A08F1DC102E700CBE24E /* Release */,
			);
			defaultConfigurationIsVisible = 0;
		};
		54B6A0901DC102E700CBE24E /* Build configuration list for PBXNativeTarget "LinkedListsHomeworkThreeTests" */ = {
			isa = XCConfigurationList;
			buildConfigurations = (
				54B6A0911DC102E700CBE24E /* Debug */,
				54B6A0921DC102E700CBE24E /* Release */,
			);
			defaultConfigurationIsVisible = 0;
		};
/* End XCConfigurationList section */
	};
	rootObject = 54B6A0681DC102E600CBE24E /* Project object */;
}
